{
  "name": "TestRapier",
  "lockfileVersion": 3,
  "requires": true,
  "packages": {
    "": {
      "name": "TestRapier",
      "devDependencies": {
        "@dimforge/rapier2d-compat": "^0.14.0"
      }
    },
    "node_modules/@dimforge/rapier2d-compat": {
      "version": "0.14.0",
      "resolved": "https://registry.npmjs.org/@dimforge/rapier2d-compat/-/rapier2d-compat-0.14.0.tgz",
      "integrity": "sha512-sljQVPstRS63hVLnVNphsZUjH51TZoptVM0XlglKAdZ8CT+kWnmA6olwjkF7omPWYrlKMd/nHORxOUdJDOSoAQ==",
      "dev": true
    }
  }
}
